
Microsoft Visual Studio Solution File, Format Version 12.00
# Visual Studio 15
VisualStudioVersion = 15.0.28010.2050
MinimumVisualStudioVersion = 10.0.40219.1
Project("{FAE04EC0-301F-11D3-BF4B-00C04F79EFBC}") = "WcfService", "WcfService\WcfService.csproj", "{F68AB280-B2DC-4042-8BFD-CC56A4F8C053}"
EndProject
Global
	GlobalSection(SolutionConfigurationPlatforms) = preSolution
		Debug|Any CPU = Debug|Any CPU
		Release|Any CPU = Release|Any CPU
	EndGlobalSection
	GlobalSection(ProjectConfigurationPlatforms) = postSolution
		{F68AB280-B2DC-4042-8BFD-CC56A4F8C053}.Debug|Any CPU.ActiveCfg = Debug|Any CPU
		{F68AB280-B2DC-4042-8BFD-CC56A4F8C053}.Debug|Any CPU.Build.0 = Debug|Any CPU
		{F68AB280-B2DC-4042-8BFD-CC56A4F8C053}.Release|Any CPU.ActiveCfg = Release|Any CPU
		{F68AB280-B2DC-4042-8BFD-CC56A4F8C053}.Release|Any CPU.Build.0 = Release|Any CPU
	EndGlobalSection
	GlobalSection(SolutionProperties) = preSolution
		HideSolutionNode = FALSE
	EndGlobalSection
	GlobalSection(ExtensibilityGlobals) = postSolution
		SolutionGuid = {5D0ED7DE-33A3-4B09-8FCE-B9DA46D8F420}
	EndGlobalSection
EndGlobal
